
Microsoft Visual Studio Solution File, Format Version 12.00
# Visual Studio Version 17
VisualStudioVersion = 17.10.34928.147
MinimumVisualStudioVersion = 10.0.40219.1
Project("{2150E333-8FDC-42A3-9474-1A3956D46DE8}") = "Services", "Services", "{94969733-66B6-4E38-A1A3-0B88E5D18887}"
EndProject
Project("{2150E333-8FDC-42A3-9474-1A3956D46DE8}") = "Catalog", "Catalog", "{8F5A38B5-39F0-48C0-8AE6-FFFF5DDA9B87}"
EndProject
Project("{9A19103F-16F7-4668-BE54-9A1E7A4F7556}") = "Catalog.API", "Services\Catalog\Catalog.API\Catalog.API.csproj", "{DFDA5CC3-D26B-447C-A139-6A169764B112}"
EndProject
Project("{2150E333-8FDC-42A3-9474-1A3956D46DE8}") = "BuildingBlocks", "BuildingBlocks", "{DF53FD2A-29CC-4EB6-A8D3-63EAAA5C4E07}"
EndProject
Project("{9A19103F-16F7-4668-BE54-9A1E7A4F7556}") = "BuildingBlocks", "BuildingBlocks\BuildingBlocks\BuildingBlocks.csproj", "{529B548F-D818-4522-A4C1-1CF17AC60147}"
EndProject
Project("{E53339B2-1760-4266-BCC7-CA923CBCF16C}") = "docker-compose", "docker-compose.dcproj", "{2E5958AB-7022-4143-BB79-9A8985CEB6C4}"
EndProject
Project("{2150E333-8FDC-42A3-9474-1A3956D46DE8}") = "Basket", "Basket", "{DA0A0511-2577-4B56-ABE3-F24B13DE2C77}"
EndProject
Project("{9A19103F-16F7-4668-BE54-9A1E7A4F7556}") = "Basket.API", "Services\Basket\Basket.API\Basket.API.csproj", "{80AB8AE1-2D2C-4ACC-9250-D856DB077389}"
EndProject
Project("{2150E333-8FDC-42A3-9474-1A3956D46DE8}") = "Discount", "Discount", "{C15879A1-ADA0-4A31-8195-DABDEA62412A}"
EndProject
Project("{9A19103F-16F7-4668-BE54-9A1E7A4F7556}") = "Discount.Grpc", "Services\Discount\Discount.Grpc\Discount.Grpc.csproj", "{3230FEBE-172C-40A7-A344-7044D48612E9}"
EndProject
Project("{2150E333-8FDC-42A3-9474-1A3956D46DE8}") = "Ordering", "Ordering", "{F58DAB41-B8B8-4561-9595-3CCB1B29DBD7}"
EndProject
Project("{FAE04EC0-301F-11D3-BF4B-00C04F79EFBC}") = "Ordering.API", "Services\Ordering\Ordering.API\Ordering.API.csproj", "{A5D25B24-04C3-49DA-874E-F79F27956965}"
EndProject
Project("{FAE04EC0-301F-11D3-BF4B-00C04F79EFBC}") = "Ordering.Domain", "Services\Ordering\Ordering.Domain\Ordering.Domain.csproj", "{774600FA-564F-4233-96E4-618D96D506D2}"
EndProject
Project("{FAE04EC0-301F-11D3-BF4B-00C04F79EFBC}") = "Ordering.Application", "Services\Ordering\Ordering.Application\Ordering.Application.csproj", "{3649750C-40DC-42A3-9AD2-9F9363D7F92E}"
EndProject
Project("{FAE04EC0-301F-11D3-BF4B-00C04F79EFBC}") = "Ordering.Infrastructure", "Services\Ordering\Ordering.Infrastructure\Ordering.Infrastructure.csproj", "{29F73796-BC6A-4D37-A694-C71991598AA5}"
EndProject
Global
	GlobalSection(SolutionConfigurationPlatforms) = preSolution
		Debug|Any CPU = Debug|Any CPU
		Release|Any CPU = Release|Any CPU
	EndGlobalSection
	GlobalSection(ProjectConfigurationPlatforms) = postSolution
		{DFDA5CC3-D26B-447C-A139-6A169764B112}.Debug|Any CPU.ActiveCfg = Debug|Any CPU
		{DFDA5CC3-D26B-447C-A139-6A169764B112}.Debug|Any CPU.Build.0 = Debug|Any CPU
		{DFDA5CC3-D26B-447C-A139-6A169764B112}.Release|Any CPU.ActiveCfg = Release|Any CPU
		{DFDA5CC3-D26B-447C-A139-6A169764B112}.Release|Any CPU.Build.0 = Release|Any CPU
		{529B548F-D818-4522-A4C1-1CF17AC60147}.Debug|Any CPU.ActiveCfg = Debug|Any CPU
		{529B548F-D818-4522-A4C1-1CF17AC60147}.Debug|Any CPU.Build.0 = Debug|Any CPU
		{529B548F-D818-4522-A4C1-1CF17AC60147}.Release|Any CPU.ActiveCfg = Release|Any CPU
		{529B548F-D818-4522-A4C1-1CF17AC60147}.Release|Any CPU.Build.0 = Release|Any CPU
		{2E5958AB-7022-4143-BB79-9A8985CEB6C4}.Debug|Any CPU.ActiveCfg = Debug|Any CPU
		{2E5958AB-7022-4143-BB79-9A8985CEB6C4}.Debug|Any CPU.Build.0 = Debug|Any CPU
		{2E5958AB-7022-4143-BB79-9A8985CEB6C4}.Release|Any CPU.ActiveCfg = Release|Any CPU
		{2E5958AB-7022-4143-BB79-9A8985CEB6C4}.Release|Any CPU.Build.0 = Release|Any CPU
		{80AB8AE1-2D2C-4ACC-9250-D856DB077389}.Debug|Any CPU.ActiveCfg = Debug|Any CPU
		{80AB8AE1-2D2C-4ACC-9250-D856DB077389}.Debug|Any CPU.Build.0 = Debug|Any CPU
		{80AB8AE1-2D2C-4ACC-9250-D856DB077389}.Release|Any CPU.ActiveCfg = Release|Any CPU
		{80AB8AE1-2D2C-4ACC-9250-D856DB077389}.Release|Any CPU.Build.0 = Release|Any CPU
		{3230FEBE-172C-40A7-A344-7044D48612E9}.Debug|Any CPU.ActiveCfg = Debug|Any CPU
		{3230FEBE-172C-40A7-A344-7044D48612E9}.Debug|Any CPU.Build.0 = Debug|Any CPU
		{3230FEBE-172C-40A7-A344-7044D48612E9}.Release|Any CPU.ActiveCfg = Release|Any CPU
		{3230FEBE-172C-40A7-A344-7044D48612E9}.Release|Any CPU.Build.0 = Release|Any CPU
		{A5D25B24-04C3-49DA-874E-F79F27956965}.Debug|Any CPU.ActiveCfg = Debug|Any CPU
		{A5D25B24-04C3-49DA-874E-F79F27956965}.Debug|Any CPU.Build.0 = Debug|Any CPU
		{A5D25B24-04C3-49DA-874E-F79F27956965}.Release|Any CPU.ActiveCfg = Release|Any CPU
		{A5D25B24-04C3-49DA-874E-F79F27956965}.Release|Any CPU.Build.0 = Release|Any CPU
		{774600FA-564F-4233-96E4-618D96D506D2}.Debug|Any CPU.ActiveCfg = Debug|Any CPU
		{774600FA-564F-4233-96E4-618D96D506D2}.Debug|Any CPU.Build.0 = Debug|Any CPU
		{774600FA-564F-4233-96E4-618D96D506D2}.Release|Any CPU.ActiveCfg = Release|Any CPU
		{774600FA-564F-4233-96E4-618D96D506D2}.Release|Any CPU.Build.0 = Release|Any CPU
		{3649750C-40DC-42A3-9AD2-9F9363D7F92E}.Debug|Any CPU.ActiveCfg = Debug|Any CPU
		{3649750C-40DC-42A3-9AD2-9F9363D7F92E}.Debug|Any CPU.Build.0 = Debug|Any CPU
		{3649750C-40DC-42A3-9AD2-9F9363D7F92E}.Release|Any CPU.ActiveCfg = Release|Any CPU
		{3649750C-40DC-42A3-9AD2-9F9363D7F92E}.Release|Any CPU.Build.0 = Release|Any CPU
		{29F73796-BC6A-4D37-A694-C71991598AA5}.Debug|Any CPU.ActiveCfg = Debug|Any CPU
		{29F73796-BC6A-4D37-A694-C71991598AA5}.Debug|Any CPU.Build.0 = Debug|Any CPU
		{29F73796-BC6A-4D37-A694-C71991598AA5}.Release|Any CPU.ActiveCfg = Release|Any CPU
		{29F73796-BC6A-4D37-A694-C71991598AA5}.Release|Any CPU.Build.0 = Release|Any CPU
	EndGlobalSection
	GlobalSection(SolutionProperties) = preSolution
		HideSolutionNode = FALSE
	EndGlobalSection
	GlobalSection(NestedProjects) = preSolution
		{8F5A38B5-39F0-48C0-8AE6-FFFF5DDA9B87} = {94969733-66B6-4E38-A1A3-0B88E5D18887}
		{DFDA5CC3-D26B-447C-A139-6A169764B112} = {8F5A38B5-39F0-48C0-8AE6-FFFF5DDA9B87}
		{529B548F-D818-4522-A4C1-1CF17AC60147} = {DF53FD2A-29CC-4EB6-A8D3-63EAAA5C4E07}
		{DA0A0511-2577-4B56-ABE3-F24B13DE2C77} = {94969733-66B6-4E38-A1A3-0B88E5D18887}
		{80AB8AE1-2D2C-4ACC-9250-D856DB077389} = {DA0A0511-2577-4B56-ABE3-F24B13DE2C77}
		{C15879A1-ADA0-4A31-8195-DABDEA62412A} = {94969733-66B6-4E38-A1A3-0B88E5D18887}
		{3230FEBE-172C-40A7-A344-7044D48612E9} = {C15879A1-ADA0-4A31-8195-DABDEA62412A}
		{F58DAB41-B8B8-4561-9595-3CCB1B29DBD7} = {94969733-66B6-4E38-A1A3-0B88E5D18887}
		{A5D25B24-04C3-49DA-874E-F79F27956965} = {F58DAB41-B8B8-4561-9595-3CCB1B29DBD7}
		{774600FA-564F-4233-96E4-618D96D506D2} = {F58DAB41-B8B8-4561-9595-3CCB1B29DBD7}
		{3649750C-40DC-42A3-9AD2-9F9363D7F92E} = {F58DAB41-B8B8-4561-9595-3CCB1B29DBD7}
		{29F73796-BC6A-4D37-A694-C71991598AA5} = {F58DAB41-B8B8-4561-9595-3CCB1B29DBD7}
	EndGlobalSection
	GlobalSection(ExtensibilityGlobals) = postSolution
		SolutionGuid = {063FF141-B908-4F87-86C1-5486A0F9043C}
	EndGlobalSection
EndGlobal
