
Microsoft Visual Studio Solution File, Format Version 12.00
# Visual Studio Version 17
VisualStudioVersion = 17.10.34928.147
MinimumVisualStudioVersion = 10.0.40219.1
Project("{2150E333-8FDC-42A3-9474-1A3956D46DE8}") = "Services", "Services", "{94969733-66B6-4E38-A1A3-0B88E5D18887}"
EndProject
Project("{2150E333-8FDC-42A3-9474-1A3956D46DE8}") = "Catalog", "Catalog", "{8F5A38B5-39F0-48C0-8AE6-FFFF5DDA9B87}"
EndProject
Project("{FAE04EC0-301F-11D3-BF4B-00C04F79EFBC}") = "Catalog.API", "Services\Catalog\Catalog.API\Catalog.API.csproj", "{DFDA5CC3-D26B-447C-A139-6A169764B112}"
EndProject
Project("{2150E333-8FDC-42A3-9474-1A3956D46DE8}") = "BuildingBlocks", "BuildingBlocks", "{DF53FD2A-29CC-4EB6-A8D3-63EAAA5C4E07}"
EndProject
Project("{FAE04EC0-301F-11D3-BF4B-00C04F79EFBC}") = "BuildingBlocks", "BuildingBlocks\BuildingBlocks\BuildingBlocks.csproj", "{529B548F-D818-4522-A4C1-1CF17AC60147}"
EndProject
Global
	GlobalSection(SolutionConfigurationPlatforms) = preSolution
		Debug|Any CPU = Debug|Any CPU
		Release|Any CPU = Release|Any CPU
	EndGlobalSection
	GlobalSection(ProjectConfigurationPlatforms) = postSolution
		{DFDA5CC3-D26B-447C-A139-6A169764B112}.Debug|Any CPU.ActiveCfg = Debug|Any CPU
		{DFDA5CC3-D26B-447C-A139-6A169764B112}.Debug|Any CPU.Build.0 = Debug|Any CPU
		{DFDA5CC3-D26B-447C-A139-6A169764B112}.Release|Any CPU.ActiveCfg = Release|Any CPU
		{DFDA5CC3-D26B-447C-A139-6A169764B112}.Release|Any CPU.Build.0 = Release|Any CPU
		{529B548F-D818-4522-A4C1-1CF17AC60147}.Debug|Any CPU.ActiveCfg = Debug|Any CPU
		{529B548F-D818-4522-A4C1-1CF17AC60147}.Debug|Any CPU.Build.0 = Debug|Any CPU
		{529B548F-D818-4522-A4C1-1CF17AC60147}.Release|Any CPU.ActiveCfg = Release|Any CPU
		{529B548F-D818-4522-A4C1-1CF17AC60147}.Release|Any CPU.Build.0 = Release|Any CPU
	EndGlobalSection
	GlobalSection(SolutionProperties) = preSolution
		HideSolutionNode = FALSE
	EndGlobalSection
	GlobalSection(NestedProjects) = preSolution
		{8F5A38B5-39F0-48C0-8AE6-FFFF5DDA9B87} = {94969733-66B6-4E38-A1A3-0B88E5D18887}
		{DFDA5CC3-D26B-447C-A139-6A169764B112} = {8F5A38B5-39F0-48C0-8AE6-FFFF5DDA9B87}
		{529B548F-D818-4522-A4C1-1CF17AC60147} = {DF53FD2A-29CC-4EB6-A8D3-63EAAA5C4E07}
	EndGlobalSection
	GlobalSection(ExtensibilityGlobals) = postSolution
		SolutionGuid = {063FF141-B908-4F87-86C1-5486A0F9043C}
	EndGlobalSection
EndGlobal
